<Solution>
  <Folder Name="/Database/">
    <File Path="SA_DELIVERY_TERMS.sql" />
  </Folder>
  <Project Path="AxiomSysBL/AxiomSysBL.csproj" />
  <Project Path="AxiomSysDL/AxiomSysDL.csproj" />
  <Project Path="AxiomSysPortal/AxiomSysPortal.csproj" />
  <Project Path="AxiomSysSL/AxiomSysSL.csproj" />
</Solution>
